
Microsoft Visual Studio Solution File, Format Version 12.00
# Visual Studio Version 17
VisualStudioVersion = 17.4.33103.184
MinimumVisualStudioVersion = 10.0.40219.1
Project("{2150E333-8FDC-42A3-9474-1A3956D46DE8}") = "Services", "Services", "{34A61B8A-B83B-453F-AEF5-2E7F1CD74114}"
EndProject
Project("{2150E333-8FDC-42A3-9474-1A3956D46DE8}") = "Brewery", "Brewery", "{02E1C518-BE03-40C0-944C-392C1F5B1069}"
EndProject
Project("{2150E333-8FDC-42A3-9474-1A3956D46DE8}") = "Review", "Review", "{B858C92E-B0ED-4F58-97E7-9FAAFA22E42D}"
EndProject
Project("{9A19103F-16F7-4668-BE54-9A1E7A4F7556}") = "Brewery.API", "Services\Brewery\Brewery.API\Brewery.API.csproj", "{0A1BE250-A4D2-4010-B803-AFEA6FEFCBD7}"
EndProject
Project("{9A19103F-16F7-4668-BE54-9A1E7A4F7556}") = "Brewery.Domain", "Services\Brewery\Brewery.Domain\Brewery.Domain.csproj", "{3D17389B-5E86-4A71-9DA2-1DCD729D4DF8}"
EndProject
Project("{9A19103F-16F7-4668-BE54-9A1E7A4F7556}") = "Brewery.AppLogic", "Services\Brewery\Brewery.AppLogic\Brewery.AppLogic.csproj", "{0A970013-7A5E-4546-B1E3-88456BC0828E}"
EndProject
Project("{9A19103F-16F7-4668-BE54-9A1E7A4F7556}") = "Brewery.Infrastructure", "Services\Brewery\Brewery.Infrastructure\Brewery.Infrastructure.csproj", "{7717954B-E3BC-4DE1-AC11-15845147AD59}"
EndProject
Project("{E53339B2-1760-4266-BCC7-CA923CBCF16C}") = "docker-compose", "docker-compose.dcproj", "{0CC06EF0-D1BD-43CE-8C29-3A305B89CB93}"
EndProject
Project("{2150E333-8FDC-42A3-9474-1A3956D46DE8}") = "BuildingBlocks", "BuildingBlocks", "{FA0DF69B-92D1-48A6-BA91-6F8E4F8882C0}"
EndProject
Project("{9A19103F-16F7-4668-BE54-9A1E7A4F7556}") = "Domain", "BuildingBlocks\Domain\Domain.csproj", "{74732248-1430-4425-92F6-DFE72DC75B28}"
EndProject
Project("{9A19103F-16F7-4668-BE54-9A1E7A4F7556}") = "Review.API", "Services\Review\Review.API\Review.API.csproj", "{1F2936C7-4115-41E5-8AFB-A78C8D25D495}"
EndProject
Project("{9A19103F-16F7-4668-BE54-9A1E7A4F7556}") = "Review.AppLogic", "Services\Review\Review.AppLogic\Review.AppLogic.csproj", "{2F8D11B4-EF7E-487A-8759-08B6437242B9}"
EndProject
Project("{9A19103F-16F7-4668-BE54-9A1E7A4F7556}") = "Review.Infrastructure", "Services\Review\Review.Infrastructure\Review.Infrastructure.csproj", "{3EB1E3D4-CA4F-4FB0-B3DC-44DFDF0C916C}"
EndProject
Project("{9A19103F-16F7-4668-BE54-9A1E7A4F7556}") = "Review.Domain", "Services\Review\Review.Domain\Review.Domain.csproj", "{E503EEE4-0A19-4F87-A8EE-2D54B45D017A}"
EndProject
Project("{2150E333-8FDC-42A3-9474-1A3956D46DE8}") = "Identity", "Identity", "{28D8507D-94DC-4B04-96C9-BCCA1BD7152E}"
EndProject
Project("{9A19103F-16F7-4668-BE54-9A1E7A4F7556}") = "Identity.UI", "Services\Identity.UI\Identity.UI.csproj", "{0A7CA46C-64F9-417F-9D29-2977245BDCA3}"
EndProject
Project("{2150E333-8FDC-42A3-9474-1A3956D46DE8}") = "Clients", "Clients", "{31642F75-C409-48E5-A243-7A7504B033B2}"
EndProject
Project("{9A19103F-16F7-4668-BE54-9A1E7A4F7556}") = "KWops.Cli", "Clients\KWops.Cli.csproj", "{4E102D45-0981-436B-82F8-9550A0291532}"
EndProject
Global
	GlobalSection(SolutionConfigurationPlatforms) = preSolution
		Debug|Any CPU = Debug|Any CPU
		Release|Any CPU = Release|Any CPU
	EndGlobalSection
	GlobalSection(ProjectConfigurationPlatforms) = postSolution
		{0A1BE250-A4D2-4010-B803-AFEA6FEFCBD7}.Debug|Any CPU.ActiveCfg = Debug|Any CPU
		{0A1BE250-A4D2-4010-B803-AFEA6FEFCBD7}.Debug|Any CPU.Build.0 = Debug|Any CPU
		{0A1BE250-A4D2-4010-B803-AFEA6FEFCBD7}.Release|Any CPU.ActiveCfg = Release|Any CPU
		{0A1BE250-A4D2-4010-B803-AFEA6FEFCBD7}.Release|Any CPU.Build.0 = Release|Any CPU
		{3D17389B-5E86-4A71-9DA2-1DCD729D4DF8}.Debug|Any CPU.ActiveCfg = Debug|Any CPU
		{3D17389B-5E86-4A71-9DA2-1DCD729D4DF8}.Debug|Any CPU.Build.0 = Debug|Any CPU
		{3D17389B-5E86-4A71-9DA2-1DCD729D4DF8}.Release|Any CPU.ActiveCfg = Release|Any CPU
		{3D17389B-5E86-4A71-9DA2-1DCD729D4DF8}.Release|Any CPU.Build.0 = Release|Any CPU
		{0A970013-7A5E-4546-B1E3-88456BC0828E}.Debug|Any CPU.ActiveCfg = Debug|Any CPU
		{0A970013-7A5E-4546-B1E3-88456BC0828E}.Debug|Any CPU.Build.0 = Debug|Any CPU
		{0A970013-7A5E-4546-B1E3-88456BC0828E}.Release|Any CPU.ActiveCfg = Release|Any CPU
		{0A970013-7A5E-4546-B1E3-88456BC0828E}.Release|Any CPU.Build.0 = Release|Any CPU
		{7717954B-E3BC-4DE1-AC11-15845147AD59}.Debug|Any CPU.ActiveCfg = Debug|Any CPU
		{7717954B-E3BC-4DE1-AC11-15845147AD59}.Debug|Any CPU.Build.0 = Debug|Any CPU
		{7717954B-E3BC-4DE1-AC11-15845147AD59}.Release|Any CPU.ActiveCfg = Release|Any CPU
		{7717954B-E3BC-4DE1-AC11-15845147AD59}.Release|Any CPU.Build.0 = Release|Any CPU
		{0CC06EF0-D1BD-43CE-8C29-3A305B89CB93}.Debug|Any CPU.ActiveCfg = Debug|Any CPU
		{0CC06EF0-D1BD-43CE-8C29-3A305B89CB93}.Debug|Any CPU.Build.0 = Debug|Any CPU
		{0CC06EF0-D1BD-43CE-8C29-3A305B89CB93}.Release|Any CPU.ActiveCfg = Release|Any CPU
		{0CC06EF0-D1BD-43CE-8C29-3A305B89CB93}.Release|Any CPU.Build.0 = Release|Any CPU
		{74732248-1430-4425-92F6-DFE72DC75B28}.Debug|Any CPU.ActiveCfg = Debug|Any CPU
		{74732248-1430-4425-92F6-DFE72DC75B28}.Debug|Any CPU.Build.0 = Debug|Any CPU
		{74732248-1430-4425-92F6-DFE72DC75B28}.Release|Any CPU.ActiveCfg = Release|Any CPU
		{74732248-1430-4425-92F6-DFE72DC75B28}.Release|Any CPU.Build.0 = Release|Any CPU
		{1F2936C7-4115-41E5-8AFB-A78C8D25D495}.Debug|Any CPU.ActiveCfg = Debug|Any CPU
		{1F2936C7-4115-41E5-8AFB-A78C8D25D495}.Debug|Any CPU.Build.0 = Debug|Any CPU
		{1F2936C7-4115-41E5-8AFB-A78C8D25D495}.Release|Any CPU.ActiveCfg = Release|Any CPU
		{1F2936C7-4115-41E5-8AFB-A78C8D25D495}.Release|Any CPU.Build.0 = Release|Any CPU
		{2F8D11B4-EF7E-487A-8759-08B6437242B9}.Debug|Any CPU.ActiveCfg = Debug|Any CPU
		{2F8D11B4-EF7E-487A-8759-08B6437242B9}.Debug|Any CPU.Build.0 = Debug|Any CPU
		{2F8D11B4-EF7E-487A-8759-08B6437242B9}.Release|Any CPU.ActiveCfg = Release|Any CPU
		{2F8D11B4-EF7E-487A-8759-08B6437242B9}.Release|Any CPU.Build.0 = Release|Any CPU
		{3EB1E3D4-CA4F-4FB0-B3DC-44DFDF0C916C}.Debug|Any CPU.ActiveCfg = Debug|Any CPU
		{3EB1E3D4-CA4F-4FB0-B3DC-44DFDF0C916C}.Debug|Any CPU.Build.0 = Debug|Any CPU
		{3EB1E3D4-CA4F-4FB0-B3DC-44DFDF0C916C}.Release|Any CPU.ActiveCfg = Release|Any CPU
		{3EB1E3D4-CA4F-4FB0-B3DC-44DFDF0C916C}.Release|Any CPU.Build.0 = Release|Any CPU
		{E503EEE4-0A19-4F87-A8EE-2D54B45D017A}.Debug|Any CPU.ActiveCfg = Debug|Any CPU
		{E503EEE4-0A19-4F87-A8EE-2D54B45D017A}.Debug|Any CPU.Build.0 = Debug|Any CPU
		{E503EEE4-0A19-4F87-A8EE-2D54B45D017A}.Release|Any CPU.ActiveCfg = Release|Any CPU
		{E503EEE4-0A19-4F87-A8EE-2D54B45D017A}.Release|Any CPU.Build.0 = Release|Any CPU
		{0A7CA46C-64F9-417F-9D29-2977245BDCA3}.Debug|Any CPU.ActiveCfg = Debug|Any CPU
		{0A7CA46C-64F9-417F-9D29-2977245BDCA3}.Debug|Any CPU.Build.0 = Debug|Any CPU
		{0A7CA46C-64F9-417F-9D29-2977245BDCA3}.Release|Any CPU.ActiveCfg = Release|Any CPU
		{0A7CA46C-64F9-417F-9D29-2977245BDCA3}.Release|Any CPU.Build.0 = Release|Any CPU
		{4E102D45-0981-436B-82F8-9550A0291532}.Debug|Any CPU.ActiveCfg = Debug|Any CPU
		{4E102D45-0981-436B-82F8-9550A0291532}.Debug|Any CPU.Build.0 = Debug|Any CPU
		{4E102D45-0981-436B-82F8-9550A0291532}.Release|Any CPU.ActiveCfg = Release|Any CPU
		{4E102D45-0981-436B-82F8-9550A0291532}.Release|Any CPU.Build.0 = Release|Any CPU
	EndGlobalSection
	GlobalSection(SolutionProperties) = preSolution
		HideSolutionNode = FALSE
	EndGlobalSection
	GlobalSection(NestedProjects) = preSolution
		{02E1C518-BE03-40C0-944C-392C1F5B1069} = {34A61B8A-B83B-453F-AEF5-2E7F1CD74114}
		{B858C92E-B0ED-4F58-97E7-9FAAFA22E42D} = {34A61B8A-B83B-453F-AEF5-2E7F1CD74114}
		{0A1BE250-A4D2-4010-B803-AFEA6FEFCBD7} = {02E1C518-BE03-40C0-944C-392C1F5B1069}
		{3D17389B-5E86-4A71-9DA2-1DCD729D4DF8} = {02E1C518-BE03-40C0-944C-392C1F5B1069}
		{0A970013-7A5E-4546-B1E3-88456BC0828E} = {02E1C518-BE03-40C0-944C-392C1F5B1069}
		{7717954B-E3BC-4DE1-AC11-15845147AD59} = {02E1C518-BE03-40C0-944C-392C1F5B1069}
		{74732248-1430-4425-92F6-DFE72DC75B28} = {FA0DF69B-92D1-48A6-BA91-6F8E4F8882C0}
		{1F2936C7-4115-41E5-8AFB-A78C8D25D495} = {B858C92E-B0ED-4F58-97E7-9FAAFA22E42D}
		{2F8D11B4-EF7E-487A-8759-08B6437242B9} = {B858C92E-B0ED-4F58-97E7-9FAAFA22E42D}
		{3EB1E3D4-CA4F-4FB0-B3DC-44DFDF0C916C} = {B858C92E-B0ED-4F58-97E7-9FAAFA22E42D}
		{E503EEE4-0A19-4F87-A8EE-2D54B45D017A} = {B858C92E-B0ED-4F58-97E7-9FAAFA22E42D}
		{28D8507D-94DC-4B04-96C9-BCCA1BD7152E} = {34A61B8A-B83B-453F-AEF5-2E7F1CD74114}
		{0A7CA46C-64F9-417F-9D29-2977245BDCA3} = {28D8507D-94DC-4B04-96C9-BCCA1BD7152E}
		{4E102D45-0981-436B-82F8-9550A0291532} = {31642F75-C409-48E5-A243-7A7504B033B2}
	EndGlobalSection
	GlobalSection(ExtensibilityGlobals) = postSolution
		SolutionGuid = {1D389106-26C5-4B2C-BF04-6C6C047E1587}
	EndGlobalSection
EndGlobal
